
Microsoft Visual Studio Solution File, Format Version 12.00
# Visual Studio Version 17
VisualStudioVersion = 17.3.32922.545
MinimumVisualStudioVersion = 10.0.40219.1
Project("{9A19103F-16F7-4668-BE54-9A1E7A4F7556}") = "Stage0", "Stage0\Stage0.csproj", "{952E1327-4DC9-4356-902C-39BCE48DAB65}"
EndProject
Project("{2150E333-8FDC-42A3-9474-1A3956D46DE8}") = "Solution Items", "Solution Items", "{46BBCFB8-97A8-4F83-A06C-D8CBBEF95458}"
	ProjectSection(SolutionItems) = preProject
		..\README.md = ..\README.md
	EndProjectSection
EndProject
Project("{9A19103F-16F7-4668-BE54-9A1E7A4F7556}") = "DalFacade", "DalFacade\DalFacade.csproj", "{2E479EAB-696A-421E-9893-6BCD477B74FB}"
EndProject
Project("{9A19103F-16F7-4668-BE54-9A1E7A4F7556}") = "DalList", "DalList\DalList.csproj", "{64BE1CC0-A02D-4F98-B83B-CE19A5D42DFC}"
EndProject
Project("{9A19103F-16F7-4668-BE54-9A1E7A4F7556}") = "DalTest", "DalTest\DalTest.csproj", "{E52F535A-07C1-4A7C-90D1-6CA446FF924B}"
EndProject
Project("{9A19103F-16F7-4668-BE54-9A1E7A4F7556}") = "BL", "BL\BL.csproj", "{80A9169F-763B-4BFC-83EE-84F37D8D30BB}"
	ProjectSection(ProjectDependencies) = postProject
		{2E479EAB-696A-421E-9893-6BCD477B74FB} = {2E479EAB-696A-421E-9893-6BCD477B74FB}
		{64BE1CC0-A02D-4F98-B83B-CE19A5D42DFC} = {64BE1CC0-A02D-4F98-B83B-CE19A5D42DFC}
	EndProjectSection
EndProject
Project("{9A19103F-16F7-4668-BE54-9A1E7A4F7556}") = "BlTest", "BlTest\BlTest.csproj", "{D60F2EE8-9F5D-42AC-BF5F-6CF1219D4F51}"
EndProject
Project("{9A19103F-16F7-4668-BE54-9A1E7A4F7556}") = "PL", "PL\PL.csproj", "{26A2407E-70D0-4184-8B4D-61864998F5E9}"
EndProject
Project("{2150E333-8FDC-42A3-9474-1A3956D46DE8}") = "xml", "xml", "{FC3A4356-D991-42A1-9B7B-A2B67AC676B9}"
	ProjectSection(SolutionItems) = preProject
		xml\dal-config.xml = xml\dal-config.xml
	EndProjectSection
EndProject
Global
	GlobalSection(SolutionConfigurationPlatforms) = preSolution
		Debug|Any CPU = Debug|Any CPU
		Release|Any CPU = Release|Any CPU
	EndGlobalSection
	GlobalSection(ProjectConfigurationPlatforms) = postSolution
		{952E1327-4DC9-4356-902C-39BCE48DAB65}.Debug|Any CPU.ActiveCfg = Debug|Any CPU
		{952E1327-4DC9-4356-902C-39BCE48DAB65}.Debug|Any CPU.Build.0 = Debug|Any CPU
		{952E1327-4DC9-4356-902C-39BCE48DAB65}.Release|Any CPU.ActiveCfg = Release|Any CPU
		{952E1327-4DC9-4356-902C-39BCE48DAB65}.Release|Any CPU.Build.0 = Release|Any CPU
		{2E479EAB-696A-421E-9893-6BCD477B74FB}.Debug|Any CPU.ActiveCfg = Debug|Any CPU
		{2E479EAB-696A-421E-9893-6BCD477B74FB}.Debug|Any CPU.Build.0 = Debug|Any CPU
		{2E479EAB-696A-421E-9893-6BCD477B74FB}.Release|Any CPU.ActiveCfg = Release|Any CPU
		{2E479EAB-696A-421E-9893-6BCD477B74FB}.Release|Any CPU.Build.0 = Release|Any CPU
		{64BE1CC0-A02D-4F98-B83B-CE19A5D42DFC}.Debug|Any CPU.ActiveCfg = Debug|Any CPU
		{64BE1CC0-A02D-4F98-B83B-CE19A5D42DFC}.Debug|Any CPU.Build.0 = Debug|Any CPU
		{64BE1CC0-A02D-4F98-B83B-CE19A5D42DFC}.Release|Any CPU.ActiveCfg = Release|Any CPU
		{64BE1CC0-A02D-4F98-B83B-CE19A5D42DFC}.Release|Any CPU.Build.0 = Release|Any CPU
		{E52F535A-07C1-4A7C-90D1-6CA446FF924B}.Debug|Any CPU.ActiveCfg = Debug|Any CPU
		{E52F535A-07C1-4A7C-90D1-6CA446FF924B}.Debug|Any CPU.Build.0 = Debug|Any CPU
		{E52F535A-07C1-4A7C-90D1-6CA446FF924B}.Release|Any CPU.ActiveCfg = Release|Any CPU
		{E52F535A-07C1-4A7C-90D1-6CA446FF924B}.Release|Any CPU.Build.0 = Release|Any CPU
		{80A9169F-763B-4BFC-83EE-84F37D8D30BB}.Debug|Any CPU.ActiveCfg = Debug|Any CPU
		{80A9169F-763B-4BFC-83EE-84F37D8D30BB}.Debug|Any CPU.Build.0 = Debug|Any CPU
		{80A9169F-763B-4BFC-83EE-84F37D8D30BB}.Release|Any CPU.ActiveCfg = Release|Any CPU
		{80A9169F-763B-4BFC-83EE-84F37D8D30BB}.Release|Any CPU.Build.0 = Release|Any CPU
		{D60F2EE8-9F5D-42AC-BF5F-6CF1219D4F51}.Debug|Any CPU.ActiveCfg = Debug|Any CPU
		{D60F2EE8-9F5D-42AC-BF5F-6CF1219D4F51}.Debug|Any CPU.Build.0 = Debug|Any CPU
		{D60F2EE8-9F5D-42AC-BF5F-6CF1219D4F51}.Release|Any CPU.ActiveCfg = Release|Any CPU
		{D60F2EE8-9F5D-42AC-BF5F-6CF1219D4F51}.Release|Any CPU.Build.0 = Release|Any CPU
		{26A2407E-70D0-4184-8B4D-61864998F5E9}.Debug|Any CPU.ActiveCfg = Debug|Any CPU
		{26A2407E-70D0-4184-8B4D-61864998F5E9}.Debug|Any CPU.Build.0 = Debug|Any CPU
		{26A2407E-70D0-4184-8B4D-61864998F5E9}.Release|Any CPU.ActiveCfg = Release|Any CPU
		{26A2407E-70D0-4184-8B4D-61864998F5E9}.Release|Any CPU.Build.0 = Release|Any CPU
	EndGlobalSection
	GlobalSection(SolutionProperties) = preSolution
		HideSolutionNode = FALSE
	EndGlobalSection
	GlobalSection(ExtensibilityGlobals) = postSolution
		SolutionGuid = {1600A19C-D68C-4962-9617-B120869CC6A7}
	EndGlobalSection
EndGlobal
